
Microsoft Visual Studio Solution File, Format Version 12.00
# Visual Studio Version 17
VisualStudioVersion = 17.5.33627.172
MinimumVisualStudioVersion = 10.0.40219.1
Project("{9A19103F-16F7-4668-BE54-9A1E7A4F7556}") = "appsvc-fnc-dev-gcxonboardsync-dotnet001", "appsvc-fnc-dev-gcxonboardsync-dotnet001\appsvc-fnc-dev-gcxonboardsync-dotnet001.csproj", "{505BAB3A-4CAC-41CC-BB1D-3152ED4E7152}"
EndProject
Global
	GlobalSection(SolutionConfigurationPlatforms) = preSolution
		Debug|Any CPU = Debug|Any CPU
		Release|Any CPU = Release|Any CPU
	EndGlobalSection
	GlobalSection(ProjectConfigurationPlatforms) = postSolution
		{505BAB3A-4CAC-41CC-BB1D-3152ED4E7152}.Debug|Any CPU.ActiveCfg = Debug|Any CPU
		{505BAB3A-4CAC-41CC-BB1D-3152ED4E7152}.Debug|Any CPU.Build.0 = Debug|Any CPU
		{505BAB3A-4CAC-41CC-BB1D-3152ED4E7152}.Release|Any CPU.ActiveCfg = Release|Any CPU
		{505BAB3A-4CAC-41CC-BB1D-3152ED4E7152}.Release|Any CPU.Build.0 = Release|Any CPU
	EndGlobalSection
	GlobalSection(SolutionProperties) = preSolution
		HideSolutionNode = FALSE
	EndGlobalSection
	GlobalSection(ExtensibilityGlobals) = postSolution
		SolutionGuid = {E5D574B7-AEFC-4BCD-940B-FBEE079346B4}
	EndGlobalSection
EndGlobal
